
Microsoft Visual Studio Solution File, Format Version 12.00
# Visual Studio Version 17
VisualStudioVersion = 17.12.35527.113
MinimumVisualStudioVersion = 10.0.40219.1
Project("{FAE04EC0-301F-11D3-BF4B-00C04F79EFBC}") = "KTPO4310.Gainutdinov.UnitTest", "KTPO4310.Gainutdinov.UnitTest\KTPO4310.Gainutdinov.UnitTest.csproj", "{C11C0764-69BF-4574-9086-29DF8D0FFBA7}"
EndProject
Project("{FAE04EC0-301F-11D3-BF4B-00C04F79EFBC}") = "KTPO4310.Gainutdinov.Lib", "KTPO4310.Gainutdinov.Lib\KTPO4310.Gainutdinov.Lib.csproj", "{871D135F-FC51-40CC-BEF3-0EF89FF3082B}"
EndProject
Global
	GlobalSection(SolutionConfigurationPlatforms) = preSolution
		Debug|Any CPU = Debug|Any CPU
		Release|Any CPU = Release|Any CPU
	EndGlobalSection
	GlobalSection(ProjectConfigurationPlatforms) = postSolution
		{C11C0764-69BF-4574-9086-29DF8D0FFBA7}.Debug|Any CPU.ActiveCfg = Debug|Any CPU
		{C11C0764-69BF-4574-9086-29DF8D0FFBA7}.Debug|Any CPU.Build.0 = Debug|Any CPU
		{C11C0764-69BF-4574-9086-29DF8D0FFBA7}.Release|Any CPU.ActiveCfg = Release|Any CPU
		{C11C0764-69BF-4574-9086-29DF8D0FFBA7}.Release|Any CPU.Build.0 = Release|Any CPU
		{871D135F-FC51-40CC-BEF3-0EF89FF3082B}.Debug|Any CPU.ActiveCfg = Debug|Any CPU
		{871D135F-FC51-40CC-BEF3-0EF89FF3082B}.Debug|Any CPU.Build.0 = Debug|Any CPU
		{871D135F-FC51-40CC-BEF3-0EF89FF3082B}.Release|Any CPU.ActiveCfg = Release|Any CPU
		{871D135F-FC51-40CC-BEF3-0EF89FF3082B}.Release|Any CPU.Build.0 = Release|Any CPU
	EndGlobalSection
	GlobalSection(SolutionProperties) = preSolution
		HideSolutionNode = FALSE
	EndGlobalSection
EndGlobal
